
Microsoft Visual Studio Solution File, Format Version 12.00
# Visual Studio Version 17
VisualStudioVersion = 17.12.35707.178 d17.12
MinimumVisualStudioVersion = 10.0.40219.1
Project("{FAE04EC0-301F-11D3-BF4B-00C04F79EFBC}") = "Lab5ZadanieAwDomu", "Lab5ZadanieAwDomu\Lab5ZadanieAwDomu.csproj", "{3630D362-60CD-4BB3-8869-7206D1832465}"
EndProject
Project("{FAE04EC0-301F-11D3-BF4B-00C04F79EFBC}") = "Figury", "Figury\Figury.csproj", "{E7CC1E71-9E08-4BDE-9EE7-430E545252C7}"
EndProject
Global
	GlobalSection(SolutionConfigurationPlatforms) = preSolution
		Debug|Any CPU = Debug|Any CPU
		Release|Any CPU = Release|Any CPU
	EndGlobalSection
	GlobalSection(ProjectConfigurationPlatforms) = postSolution
		{3630D362-60CD-4BB3-8869-7206D1832465}.Debug|Any CPU.ActiveCfg = Debug|Any CPU
		{3630D362-60CD-4BB3-8869-7206D1832465}.Debug|Any CPU.Build.0 = Debug|Any CPU
		{3630D362-60CD-4BB3-8869-7206D1832465}.Release|Any CPU.ActiveCfg = Release|Any CPU
		{3630D362-60CD-4BB3-8869-7206D1832465}.Release|Any CPU.Build.0 = Release|Any CPU
		{E7CC1E71-9E08-4BDE-9EE7-430E545252C7}.Debug|Any CPU.ActiveCfg = Debug|Any CPU
		{E7CC1E71-9E08-4BDE-9EE7-430E545252C7}.Debug|Any CPU.Build.0 = Debug|Any CPU
		{E7CC1E71-9E08-4BDE-9EE7-430E545252C7}.Release|Any CPU.ActiveCfg = Release|Any CPU
		{E7CC1E71-9E08-4BDE-9EE7-430E545252C7}.Release|Any CPU.Build.0 = Release|Any CPU
	EndGlobalSection
	GlobalSection(SolutionProperties) = preSolution
		HideSolutionNode = FALSE
	EndGlobalSection
EndGlobal
